{
  "nodes": {
    "nixpkgs": {
      "locked": {
        "lastModified": 1621380988,
        "narHash": "sha256-j+5PfHVvsaGUxYW4CJ6DJkKcU4lh7eRhIFIGyCeI4TQ=",
        "owner": "NixOS",
        "repo": "nixpkgs",
        "rev": "4c798857e2baa9578d24abbb2a2851313c201ba6",
        "type": "github"
      },
      "original": {
        "owner": "NixOS",
        "repo": "nixpkgs",
        "type": "github"
      }
    },
    "root": {
      "inputs": {
        "nixpkgs": "nixpkgs",
        "utils": "utils"
      }
    },
    "utils": {
      "locked": {
        "lastModified": 1620759905,
        "narHash": "sha256-WiyWawrgmyN0EdmiHyG2V+fqReiVi8bM9cRdMaKQOFg=",
        "owner": "numtide",
        "repo": "flake-utils",
        "rev": "b543720b25df6ffdfcf9227afafc5b8c1fabfae8",
        "type": "github"
      },
      "original": {
        "owner": "numtide",
        "repo": "flake-utils",
        "type": "github"
      }
    }
  },
  "root": "root",
  "version": 7
}
